
Microsoft Visual Studio Solution File, Format Version 12.00
# Visual Studio Version 17
VisualStudioVersion = 17.13.35931.197 d17.13
MinimumVisualStudioVersion = 10.0.40219.1
Project("{FAE04EC0-301F-11D3-BF4B-00C04F79EFBC}") = "UGCPlug_API", "UGCPlug_API\UGCPlug_API.csproj", "{EE933DFA-C676-4979-AC81-22CF090B90B0}"
EndProject
Global
	GlobalSection(SolutionConfigurationPlatforms) = preSolution
		Debug|Any CPU = Debug|Any CPU
		Release|Any CPU = Release|Any CPU
	EndGlobalSection
	GlobalSection(ProjectConfigurationPlatforms) = postSolution
		{EE933DFA-C676-4979-AC81-22CF090B90B0}.Debug|Any CPU.ActiveCfg = Debug|Any CPU
		{EE933DFA-C676-4979-AC81-22CF090B90B0}.Debug|Any CPU.Build.0 = Debug|Any CPU
		{EE933DFA-C676-4979-AC81-22CF090B90B0}.Release|Any CPU.ActiveCfg = Release|Any CPU
		{EE933DFA-C676-4979-AC81-22CF090B90B0}.Release|Any CPU.Build.0 = Release|Any CPU
	EndGlobalSection
	GlobalSection(SolutionProperties) = preSolution
		HideSolutionNode = FALSE
	EndGlobalSection
	GlobalSection(ExtensibilityGlobals) = postSolution
		SolutionGuid = {0D8CD1E1-F7C7-45F7-BC07-35A04D400CDF}
	EndGlobalSection
EndGlobal
